
Microsoft Visual Studio Solution File, Format Version 12.00
# Visual Studio Version 16
VisualStudioVersion = 16.0.30907.101
MinimumVisualStudioVersion = 10.0.40219.1
Project("{FAE04EC0-301F-11D3-BF4B-00C04F79EFBC}") = "CYK_Algorithm", "CYK_Algorithm.csproj", "{3A5300CA-1B12-4E3B-BC85-1B32FE3790F4}"
EndProject
Global
	GlobalSection(SolutionConfigurationPlatforms) = preSolution
		Debug|Any CPU = Debug|Any CPU
		Release|Any CPU = Release|Any CPU
	EndGlobalSection
	GlobalSection(ProjectConfigurationPlatforms) = postSolution
		{3A5300CA-1B12-4E3B-BC85-1B32FE3790F4}.Debug|Any CPU.ActiveCfg = Debug|Any CPU
		{3A5300CA-1B12-4E3B-BC85-1B32FE3790F4}.Debug|Any CPU.Build.0 = Debug|Any CPU
		{3A5300CA-1B12-4E3B-BC85-1B32FE3790F4}.Release|Any CPU.ActiveCfg = Release|Any CPU
		{3A5300CA-1B12-4E3B-BC85-1B32FE3790F4}.Release|Any CPU.Build.0 = Release|Any CPU
	EndGlobalSection
	GlobalSection(SolutionProperties) = preSolution
		HideSolutionNode = FALSE
	EndGlobalSection
	GlobalSection(ExtensibilityGlobals) = postSolution
		SolutionGuid = {70A5A53D-96B5-4F20-BBE7-E9DAB342060F}
	EndGlobalSection
EndGlobal
